
Microsoft Visual Studio Solution File, Format Version 12.00
# Visual Studio 14
VisualStudioVersion = 14.0.25420.1
MinimumVisualStudioVersion = 10.0.40219.1
Project("{FAE04EC0-301F-11D3-BF4B-00C04F79EFBC}") = "adowpf", "adowpf\adowpf.csproj", "{4E7BF83C-4D1C-4BF2-872E-753059EA2104}"
EndProject
Project("{FAE04EC0-301F-11D3-BF4B-00C04F79EFBC}") = "AdoGemeenschap", "AdoGemeenschap\AdoGemeenschap.csproj", "{735FE107-2F62-4552-B9E1-4416FE2B7FC8}"
EndProject
Global
	GlobalSection(SolutionConfigurationPlatforms) = preSolution
		Debug|Any CPU = Debug|Any CPU
		Release|Any CPU = Release|Any CPU
	EndGlobalSection
	GlobalSection(ProjectConfigurationPlatforms) = postSolution
		{4E7BF83C-4D1C-4BF2-872E-753059EA2104}.Debug|Any CPU.ActiveCfg = Debug|Any CPU
		{4E7BF83C-4D1C-4BF2-872E-753059EA2104}.Debug|Any CPU.Build.0 = Debug|Any CPU
		{4E7BF83C-4D1C-4BF2-872E-753059EA2104}.Release|Any CPU.ActiveCfg = Release|Any CPU
		{4E7BF83C-4D1C-4BF2-872E-753059EA2104}.Release|Any CPU.Build.0 = Release|Any CPU
		{735FE107-2F62-4552-B9E1-4416FE2B7FC8}.Debug|Any CPU.ActiveCfg = Debug|Any CPU
		{735FE107-2F62-4552-B9E1-4416FE2B7FC8}.Debug|Any CPU.Build.0 = Debug|Any CPU
		{735FE107-2F62-4552-B9E1-4416FE2B7FC8}.Release|Any CPU.ActiveCfg = Release|Any CPU
		{735FE107-2F62-4552-B9E1-4416FE2B7FC8}.Release|Any CPU.Build.0 = Release|Any CPU
	EndGlobalSection
	GlobalSection(SolutionProperties) = preSolution
		HideSolutionNode = FALSE
	EndGlobalSection
EndGlobal
